
Microsoft Visual Studio Solution File, Format Version 12.00
# Visual Studio 15
VisualStudioVersion = 15.0.28010.2016
MinimumVisualStudioVersion = 10.0.40219.1
Project("{8BC9CEB8-8B4A-11D0-8D11-00A0C91BC942}") = "Lab9_Assignment", "Lab9_Assignment\Lab9_Assignment.vcxproj", "{C89BBFE4-8CCA-4343-988B-C82AE33362EE}"
EndProject
Global
	GlobalSection(SolutionConfigurationPlatforms) = preSolution
		Debug|x64 = Debug|x64
		Debug|x86 = Debug|x86
		Release|x64 = Release|x64
		Release|x86 = Release|x86
	EndGlobalSection
	GlobalSection(ProjectConfigurationPlatforms) = postSolution
		{C89BBFE4-8CCA-4343-988B-C82AE33362EE}.Debug|x64.ActiveCfg = Debug|x64
		{C89BBFE4-8CCA-4343-988B-C82AE33362EE}.Debug|x64.Build.0 = Debug|x64
		{C89BBFE4-8CCA-4343-988B-C82AE33362EE}.Debug|x86.ActiveCfg = Debug|Win32
		{C89BBFE4-8CCA-4343-988B-C82AE33362EE}.Debug|x86.Build.0 = Debug|Win32
		{C89BBFE4-8CCA-4343-988B-C82AE33362EE}.Release|x64.ActiveCfg = Release|x64
		{C89BBFE4-8CCA-4343-988B-C82AE33362EE}.Release|x64.Build.0 = Release|x64
		{C89BBFE4-8CCA-4343-988B-C82AE33362EE}.Release|x86.ActiveCfg = Release|Win32
		{C89BBFE4-8CCA-4343-988B-C82AE33362EE}.Release|x86.Build.0 = Release|Win32
	EndGlobalSection
	GlobalSection(SolutionProperties) = preSolution
		HideSolutionNode = FALSE
	EndGlobalSection
	GlobalSection(ExtensibilityGlobals) = postSolution
		SolutionGuid = {94C3A523-A790-4E9A-B938-44CBBB37B06C}
	EndGlobalSection
EndGlobal
